lockfileVersion: 5.4

specifiers:
  '@unocss/core': latest
  typescript: ^4.9.5

dependencies:
  '@unocss/core': 0.49.7

devDependencies:
  typescript: 4.9.5

packages:

  /@unocss/core/0.49.7:
    resolution: {integrity: sha512-RmSxSqpwrj2Qx4HQTg/xDZsimOfOWqGriUG1w0kFDhNmEoLuxZiDPEZhZYHIo2QaVzxxBdIiSKkMfvFOTqbUgA==}
    dev: false

  /typescript/4.9.5:
    resolution: {integrity: sha512-1FXk9E2Hm+QzZQ7z+McJiHL4NW1F2EzMu9Nq9i3zAaGqibafqYwCVU6WyWAuyQRRzOlxou8xZSyXLEN8oKj24g==}
    engines: {node: '>=4.2.0'}
    hasBin: true
    dev: true
